{
  "name": "test-my-library",
  "version": "1.0.0",
  "lockfileVersion": 3,
  "requires": true,
  "packages": {
    "": {
      "name": "test-my-library",
      "version": "1.0.0",
      "license": "ISC",
      "dependencies": {
        "my-perfect-library": "^1.0.0"
      }
    },
    "node_modules/my-perfect-library": {
      "version": "1.0.0",
      "resolved": "https://registry.npmjs.org/my-perfect-library/-/my-perfect-library-1.0.0.tgz",
      "integrity": "sha512-Lpq2TdifJ/3963Rx3ldzFvX0SrmJsRlPj3mOltJL1SLGDSjVsbHyQZN7GVtbDoY5Z2jIrtfbPQ2sJDGACgU15A==",
      "license": "ISC"
    }
  }
}
